
Microsoft Visual Studio Solution File, Format Version 12.00
# Visual Studio Version 16
VisualStudioVersion = 16.0.32002.261
MinimumVisualStudioVersion = 10.0.40219.1
Project("{FAE04EC0-301F-11D3-BF4B-00C04F79EFBC}") = "TratamentoDeExcecao", "TratamentoDeExcecao\TratamentoDeExcecao.csproj", "{75908BE7-0D07-428D-9547-6173E47B717F}"
EndProject
Global
	GlobalSection(SolutionConfigurationPlatforms) = preSolution
		Debug|Any CPU = Debug|Any CPU
		Release|Any CPU = Release|Any CPU
	EndGlobalSection
	GlobalSection(ProjectConfigurationPlatforms) = postSolution
		{75908BE7-0D07-428D-9547-6173E47B717F}.Debug|Any CPU.ActiveCfg = Debug|Any CPU
		{75908BE7-0D07-428D-9547-6173E47B717F}.Debug|Any CPU.Build.0 = Debug|Any CPU
		{75908BE7-0D07-428D-9547-6173E47B717F}.Release|Any CPU.ActiveCfg = Release|Any CPU
		{75908BE7-0D07-428D-9547-6173E47B717F}.Release|Any CPU.Build.0 = Release|Any CPU
	EndGlobalSection
	GlobalSection(SolutionProperties) = preSolution
		HideSolutionNode = FALSE
	EndGlobalSection
	GlobalSection(ExtensibilityGlobals) = postSolution
		SolutionGuid = {FCD03D3B-8CBC-4EBA-B33E-A42095F190E9}
	EndGlobalSection
EndGlobal
